{
  "requires": true,
  "lockfileVersion": 1,
  "dependencies": {
    "axios": {
      "version": "0.21.1",
      "resolved": "https://registry.npmjs.org/axios/-/axios-0.21.1.tgz",
      "integrity": "sha512-dKQiRHxGD9PPRIUNIWvZhPTPpl1rf/OxTYKsqKUDjBwYylTvV7SjSHJb9ratfyzM6wCdLCOYLzs73qpg5c4iGA==",
      "requires": {
        "follow-redirects": "^1.10.0"
      }
    },
    "really-relaxed-json": {
      "version": "0.2.24",
      "resolved": "https://registry.npmjs.org/really-relaxed-json/-/really-relaxed-json-0.2.24.tgz",
      "integrity": "sha512-YaY9fR3c+wKOJFSv5dXsPQGtp7zvuOKlmdzUvQvNI/+Hk1/S0eiH+/Pwj9eMRpxlC59lt/szUAG3BLoJaz8JnQ=="
    }
  }
}